
Microsoft Visual Studio Solution File, Format Version 12.00
# Visual Studio Version 16
VisualStudioVersion = 16.0.29728.190
MinimumVisualStudioVersion = 10.0.40219.1
Project("{9A19103F-16F7-4668-BE54-9A1E7A4F7556}") = "AIE_01_HelloWorld", "AIE_01_HelloWorld\AIE_01_HelloWorld.csproj", "{E5E04005-E037-4C06-96E3-A377680101BF}"
EndProject
Project("{9A19103F-16F7-4668-BE54-9A1E7A4F7556}") = "AIE_02_FortuneTeller", "AIE_02_FortuneTeller\AIE_02_FortuneTeller.csproj", "{F4E4DBDC-4426-4319-876F-E0DD436EF600}"
EndProject
Project("{9A19103F-16F7-4668-BE54-9A1E7A4F7556}") = "AIE_03_AgeCalculator", "AIE_03_AgeCalculator\AIE_03_AgeCalculator.csproj", "{76F8687C-66F2-4FE4-8E17-278C235C2304}"
EndProject
Project("{9A19103F-16F7-4668-BE54-9A1E7A4F7556}") = "AIE_04_CircleCalculator", "CircleCalculator\AIE_04_CircleCalculator.csproj", "{180008A3-538A-4EDD-A5A6-A8D5D1474F34}"
EndProject
Project("{9A19103F-16F7-4668-BE54-9A1E7A4F7556}") = "AIE_05_TempConverter", "AIE_05_TempConverter\AIE_05_TempConverter.csproj", "{D8518AF0-CB6E-4A8A-938E-487C7BD70F3F}"
EndProject
Project("{9A19103F-16F7-4668-BE54-9A1E7A4F7556}") = "AIE_06_IfStatements", "AIE_06_IfStatements\AIE_06_IfStatements.csproj", "{31B486A4-CA2C-494F-A088-E94A66543F61}"
EndProject
Project("{9A19103F-16F7-4668-BE54-9A1E7A4F7556}") = "AIE_07_Loops", "AIE_07_Loops\AIE_07_Loops.csproj", "{52815DED-6BDC-4622-B9C7-D824B0FD9688}"
EndProject
Project("{9A19103F-16F7-4668-BE54-9A1E7A4F7556}") = "AIE_08_HiLow", "AIE_08_HiLow\AIE_08_HiLow.csproj", "{395B1F36-D301-471E-9C79-F419FBE8AD11}"
EndProject
Project("{9A19103F-16F7-4668-BE54-9A1E7A4F7556}") = "AIE_09_ThreeVar", "AIE_09_ThreeVar\AIE_09_ThreeVar.csproj", "{7D970846-1C6E-468D-B638-1FAF39C492B0}"
EndProject
Project("{9A19103F-16F7-4668-BE54-9A1E7A4F7556}") = "AIE_10_EvenOdd", "AIE_10_EvenOdd\AIE_10_EvenOdd.csproj", "{03CDF976-1862-4C04-A3C5-A809D5BFD78B}"
EndProject
Project("{9A19103F-16F7-4668-BE54-9A1E7A4F7556}") = "AIE_11_Divisible", "AIE_11_Divisible\AIE_11_Divisible.csproj", "{AA2A1AC9-C221-414A-84BB-D927A50B5965}"
EndProject
Project("{9A19103F-16F7-4668-BE54-9A1E7A4F7556}") = "AIE_12_DayOfWeek", "AIE_12_DayOfWeek\AIE_12_DayOfWeek.csproj", "{1A9AF6BE-A4FA-4071-9B9F-92AF5989EBE4}"
EndProject
Project("{9A19103F-16F7-4668-BE54-9A1E7A4F7556}") = "AIE_13_DayOfWeek2", "AIE_13_DayOfWeek2\AIE_13_DayOfWeek2.csproj", "{D9753368-E8F7-45FF-BF09-309F52CD0392}"
EndProject
Project("{9A19103F-16F7-4668-BE54-9A1E7A4F7556}") = "AIE_14_Loops", "AIE_14_Loops\AIE_14_Loops.csproj", "{2F01CFEF-A43B-4FDD-8609-00B597CE3814}"
EndProject
Project("{9A19103F-16F7-4668-BE54-9A1E7A4F7556}") = "AIE_15_NestedLoop", "AIE_15_NestedLoop\AIE_15_NestedLoop.csproj", "{DBBD9DA9-5343-4241-97AE-834BB2F04542}"
EndProject
Project("{9A19103F-16F7-4668-BE54-9A1E7A4F7556}") = "AIE_16_PasswordProptStringLoop", "AIE_16_PasswordProptStringLoop\AIE_16_PasswordProptStringLoop.csproj", "{5A9DE633-6239-40B6-8C45-95A34045A38B}"
EndProject
Project("{9A19103F-16F7-4668-BE54-9A1E7A4F7556}") = "AIE_17_BranchesLoops", "AIE_17_BranchesLoops\AIE_17_BranchesLoops.csproj", "{FD19AEBA-F111-4055-9A97-360B14BC1E00}"
EndProject
Project("{9A19103F-16F7-4668-BE54-9A1E7A4F7556}") = "AIE_18_Functions", "AIE_18_Functions\AIE_18_Functions.csproj", "{7DFECC69-82C4-40CA-A16E-E4C0670A52FD}"
EndProject
Project("{9A19103F-16F7-4668-BE54-9A1E7A4F7556}") = "AIE_19_FunctionCube", "AIE_19_FunctionCube\AIE_19_FunctionCube.csproj", "{CBC39077-61BD-44DE-9D55-75BD02394450}"
EndProject
Project("{9A19103F-16F7-4668-BE54-9A1E7A4F7556}") = "AIE_20_FunctionVowel", "AIE_20_FunctionVowel\AIE_20_FunctionVowel.csproj", "{335B6792-76EE-42ED-AE28-30B3EC9A1AFB}"
EndProject
Project("{9A19103F-16F7-4668-BE54-9A1E7A4F7556}") = "AIE_21_FunctionMaxOfThree", "AIE_21_FunctionMaxOfThree\AIE_21_FunctionMaxOfThree.csproj", "{175E907A-AA2E-4DAA-B34A-FB5C45D3BB22}"
EndProject
Project("{9A19103F-16F7-4668-BE54-9A1E7A4F7556}") = "AIE_22_Calculator", "AIE_22_Calculator\AIE_22_Calculator.csproj", "{9CBF62C4-8781-4CC5-9E59-FD66F6A0AA48}"
EndProject
Project("{9A19103F-16F7-4668-BE54-9A1E7A4F7556}") = "AIE_23_PONG", "AIE_23_PONG\AIE_23_PONG.csproj", "{4978E125-F028-4320-9510-8BE42FA4F5A3}"
EndProject
Project("{9A19103F-16F7-4668-BE54-9A1E7A4F7556}") = "AIE_24_Arrays", "AIE_24_Arrays\AIE_24_Arrays.csproj", "{5FC3DDED-A6A0-4A23-A069-9E7C0ED3DBD3}"
EndProject
Project("{9A19103F-16F7-4668-BE54-9A1E7A4F7556}") = "AIE_25_ArraysGetTwoLengths", "AIE_25_ArraysGetTwoLengths\AIE_25_ArraysGetTwoLengths.csproj", "{99EEA8BE-046C-4FB4-AB8D-1897AECB3949}"
EndProject
Project("{9A19103F-16F7-4668-BE54-9A1E7A4F7556}") = "AIE_26_ArraysNeedleHaystack", "AIE_26_ArraysNeedleHaystack\AIE_26_ArraysNeedleHaystack.csproj", "{F84C7A02-4E8E-4740-B269-B422366892B0}"
EndProject
Project("{9A19103F-16F7-4668-BE54-9A1E7A4F7556}") = "AIE_27_ArraysCalculateAvg", "AIE_27_ArraysCalculateAvg\AIE_27_ArraysCalculateAvg.csproj", "{453EA837-48B5-4A12-93A5-4DA0E957F978}"
EndProject
Project("{9A19103F-16F7-4668-BE54-9A1E7A4F7556}") = "AIE_28_ArraysReverseArray", "AIE_28_ArraysReverseArray\AIE_28_ArraysReverseArray.csproj", "{D29C30EA-DF2E-4AB4-938E-0C53D0D2D2EC}"
EndProject
Project("{9A19103F-16F7-4668-BE54-9A1E7A4F7556}") = "AIE_29_GameSettings_RL", "AIE_29_GameSettings_RL\AIE_29_GameSettings_RL.csproj", "{79A7287C-946F-4D48-A04A-15F5EC5F0DD7}"
EndProject
Project("{9A19103F-16F7-4668-BE54-9A1E7A4F7556}") = "AIE_30_MinMax", "AIE_30_MinMax\AIE_30_MinMax.csproj", "{8AB8D300-9156-4FD3-943B-5CA47703AB3D}"
EndProject
Project("{9A19103F-16F7-4668-BE54-9A1E7A4F7556}") = "AIE_31_CheckArrayEquality", "AIE_31_CheckArrayEquality\AIE_31_CheckArrayEquality.csproj", "{A071760C-62F9-4E5A-A044-87A994B2B06D}"
EndProject
Project("{9A19103F-16F7-4668-BE54-9A1E7A4F7556}") = "AIE_32_ASTEROIDS", "AIE_31_ASTEROIDS\AIE_32_ASTEROIDS.csproj", "{543E7DDB-8911-461D-B58D-0298FFD1A1CF}"
EndProject
Project("{9A19103F-16F7-4668-BE54-9A1E7A4F7556}") = "AIE_33_BLOCKBREAKER", "AIE_33_BLOCKBREAKER\AIE_33_BLOCKBREAKER.csproj", "{C7571D1E-9449-4A48-85EE-D6A53F6AACA8}"
EndProject
Project("{9A19103F-16F7-4668-BE54-9A1E7A4F7556}") = "AIE_34_Inheritance", "AIE_34_Inheritance\AIE_34_Inheritance.csproj", "{366B2D33-9064-4B78-B092-E21687182916}"
EndProject
Project("{9A19103F-16F7-4668-BE54-9A1E7A4F7556}") = "AIE_35_InheritanceTwo", "AIE_35_InheritanceTwo\AIE_35_InheritanceTwo.csproj", "{32926F98-CF04-4FF0-9203-D4461A4C36CE}"
EndProject
Project("{9A19103F-16F7-4668-BE54-9A1E7A4F7556}") = "AIE_36_ChessGame", "AIE_36_ChessGame\AIE_36_ChessGame.csproj", "{6BC71CD0-4393-46D2-BDA9-66388B45EF6B}"
EndProject
Project("{9A19103F-16F7-4668-BE54-9A1E7A4F7556}") = "AIE_37_FileIOsavecontact", "AIE_37_FileIOsavecontact\AIE_37_FileIOsavecontact.csproj", "{FBF54815-A4D1-4FA2-98B2-6FF4B56F75FB}"
EndProject
Project("{9A19103F-16F7-4668-BE54-9A1E7A4F7556}") = "AIE_38_FileIOsavecontact2", "AIE_38_FileIOsavecontact2\AIE_38_FileIOsavecontact2.csproj", "{722E92C7-34B8-43D9-98C7-C927A6884547}"
EndProject
Project("{9A19103F-16F7-4668-BE54-9A1E7A4F7556}") = "AIE_39_FileIOsavecontactlist", "AIE_39_FileIOsavecontactlist\AIE_39_FileIOsavecontactlist.csproj", "{2F1D94EF-8B0D-4545-A4D9-7800E366F3F3}"
EndProject
Project("{9A19103F-16F7-4668-BE54-9A1E7A4F7556}") = "AIE_40_HighScoresTable", "AIE_40_HighScoresTable\AIE_40_HighScoresTable.csproj", "{86E1F958-FB88-42D8-8A02-552E3A1FB63A}"
EndProject
Project("{9A19103F-16F7-4668-BE54-9A1E7A4F7556}") = "AIE_41_FileIOsavecontact_crack2", "AIE_41_FileIOsavecontact_crack2\AIE_41_FileIOsavecontact_crack2.csproj", "{44877C15-1F80-4B72-B48F-4FB495C5D471}"
EndProject
Project("{9A19103F-16F7-4668-BE54-9A1E7A4F7556}") = "AIE_42_FileIOsavecontact2_crack2", "AIE_42_FileIOsavecontact2_crack2\AIE_42_FileIOsavecontact2_crack2.csproj", "{2DDE0B3D-A223-47E9-9412-08F1C963BFF9}"
EndProject
Project("{9A19103F-16F7-4668-BE54-9A1E7A4F7556}") = "AIE_43_FileIOsavecontactlist_crack2", "AIE_43_FileIOsavecontactlist_crack2\AIE_43_FileIOsavecontactlist_crack2.csproj", "{59FE7528-ADF1-4854-BF9C-D8EF39D30872}"
EndProject
Project("{9A19103F-16F7-4668-BE54-9A1E7A4F7556}") = "AIE_44_FileIOhighscores_crack2", "AIE_44_FileIOhighscores_crack2\AIE_44_FileIOhighscores_crack2.csproj", "{C9C9E713-0457-4A49-AF85-C2FBDA3A204C}"
EndProject
Project("{9A19103F-16F7-4668-BE54-9A1E7A4F7556}") = "AIE_45_BubbleSort", "AIE_45_BubbleSort\AIE_45_BubbleSort.csproj", "{2DE39532-D2C9-412C-B98D-7C59026BFD9E}"
EndProject
Project("{9A19103F-16F7-4668-BE54-9A1E7A4F7556}") = "AIE_46_NewBubbleSortFunction", "AIE_46_NewBubbleSortFunction\AIE_46_NewBubbleSortFunction.csproj", "{26E68D56-5AF9-4C79-B2D1-AA296F3C0DE5}"
EndProject
Project("{9A19103F-16F7-4668-BE54-9A1E7A4F7556}") = "AIE_47_AssessmentEx1", "AIE_47_AssessmentMuckAround\AIE_47_AssessmentEx1.csproj", "{6EE058F1-1DE0-4A69-86C7-449E432DF404}"
EndProject
Project("{9A19103F-16F7-4668-BE54-9A1E7A4F7556}") = "AIE_48_AssessmentEx2", "AIE_48_AssessmentEx2\AIE_48_AssessmentEx2.csproj", "{C07FCBFA-54ED-43E7-B21D-6DF3820CD4C4}"
EndProject
Project("{9A19103F-16F7-4668-BE54-9A1E7A4F7556}") = "AIE_49_AssessmentEx3FizzBuzz", "AIE_49_AssessmentEx3FizzBuzz\AIE_49_AssessmentEx3FizzBuzz.csproj", "{C6DD9DD6-3387-4798-8EC2-299F802BB579}"
EndProject
Project("{9A19103F-16F7-4668-BE54-9A1E7A4F7556}") = "AIE_50_ReversePolishCalculator", "AIE_50_ReversePolishCalculator\AIE_50_ReversePolishCalculator.csproj", "{4D429AED-10E7-4AEF-8F49-D353DF660566}"
EndProject
Project("{9A19103F-16F7-4668-BE54-9A1E7A4F7556}") = "AIE_51_TileMapEditor", "AIE_51_TileMapEditor\AIE_51_TileMapEditor.csproj", "{04D7D03F-0867-4AF4-BF5C-3B4CB9012DF0}"
EndProject
Project("{9A19103F-16F7-4668-BE54-9A1E7A4F7556}") = "AIE_52_ReversePolishCalculator2", "AIE_52_ReversePolishCalculator2\AIE_52_ReversePolishCalculator2.csproj", "{060C1049-F4BA-4895-92A2-C5248BE69DA4}"
EndProject
Project("{9A19103F-16F7-4668-BE54-9A1E7A4F7556}") = "AIE_53_ReversePolishCalculator3", "AIE_53_ReversePolishCalculator3\AIE_53_ReversePolishCalculator3.csproj", "{A79FDCA0-9383-4EF2-A40D-153131327FBB}"
EndProject
Project("{9A19103F-16F7-4668-BE54-9A1E7A4F7556}") = "AIE_54_PACMAN", "AIE_54_PACMAN\AIE_54_PACMAN.csproj", "{8D3337BF-745E-4B88-9C7E-66D8C6704D1B}"
EndProject
Project("{FAE04EC0-301F-11D3-BF4B-00C04F79EFBC}") = "AIE_55_GameStates", "AIE_55_GameStates\AIE_55_GameStates.csproj", "{FF1B5DFB-CE24-44FB-8202-0AB77620F808}"
EndProject
Global
	GlobalSection(SolutionConfigurationPlatforms) = preSolution
		Debug|Any CPU = Debug|Any CPU
		Release|Any CPU = Release|Any CPU
	EndGlobalSection
	GlobalSection(ProjectConfigurationPlatforms) = postSolution
		{E5E04005-E037-4C06-96E3-A377680101BF}.Debug|Any CPU.ActiveCfg = Debug|Any CPU
		{E5E04005-E037-4C06-96E3-A377680101BF}.Debug|Any CPU.Build.0 = Debug|Any CPU
		{E5E04005-E037-4C06-96E3-A377680101BF}.Release|Any CPU.ActiveCfg = Release|Any CPU
		{E5E04005-E037-4C06-96E3-A377680101BF}.Release|Any CPU.Build.0 = Release|Any CPU
		{F4E4DBDC-4426-4319-876F-E0DD436EF600}.Debug|Any CPU.ActiveCfg = Debug|Any CPU
		{F4E4DBDC-4426-4319-876F-E0DD436EF600}.Debug|Any CPU.Build.0 = Debug|Any CPU
		{F4E4DBDC-4426-4319-876F-E0DD436EF600}.Release|Any CPU.ActiveCfg = Release|Any CPU
		{F4E4DBDC-4426-4319-876F-E0DD436EF600}.Release|Any CPU.Build.0 = Release|Any CPU
		{76F8687C-66F2-4FE4-8E17-278C235C2304}.Debug|Any CPU.ActiveCfg = Debug|Any CPU
		{76F8687C-66F2-4FE4-8E17-278C235C2304}.Debug|Any CPU.Build.0 = Debug|Any CPU
		{76F8687C-66F2-4FE4-8E17-278C235C2304}.Release|Any CPU.ActiveCfg = Release|Any CPU
		{76F8687C-66F2-4FE4-8E17-278C235C2304}.Release|Any CPU.Build.0 = Release|Any CPU
		{180008A3-538A-4EDD-A5A6-A8D5D1474F34}.Debug|Any CPU.ActiveCfg = Debug|Any CPU
		{180008A3-538A-4EDD-A5A6-A8D5D1474F34}.Debug|Any CPU.Build.0 = Debug|Any CPU
		{180008A3-538A-4EDD-A5A6-A8D5D1474F34}.Release|Any CPU.ActiveCfg = Release|Any CPU
		{180008A3-538A-4EDD-A5A6-A8D5D1474F34}.Release|Any CPU.Build.0 = Release|Any CPU
		{D8518AF0-CB6E-4A8A-938E-487C7BD70F3F}.Debug|Any CPU.ActiveCfg = Debug|Any CPU
		{D8518AF0-CB6E-4A8A-938E-487C7BD70F3F}.Debug|Any CPU.Build.0 = Debug|Any CPU
		{D8518AF0-CB6E-4A8A-938E-487C7BD70F3F}.Release|Any CPU.ActiveCfg = Release|Any CPU
		{D8518AF0-CB6E-4A8A-938E-487C7BD70F3F}.Release|Any CPU.Build.0 = Release|Any CPU
		{31B486A4-CA2C-494F-A088-E94A66543F61}.Debug|Any CPU.ActiveCfg = Debug|Any CPU
		{31B486A4-CA2C-494F-A088-E94A66543F61}.Debug|Any CPU.Build.0 = Debug|Any CPU
		{31B486A4-CA2C-494F-A088-E94A66543F61}.Release|Any CPU.ActiveCfg = Release|Any CPU
		{31B486A4-CA2C-494F-A088-E94A66543F61}.Release|Any CPU.Build.0 = Release|Any CPU
		{52815DED-6BDC-4622-B9C7-D824B0FD9688}.Debug|Any CPU.ActiveCfg = Debug|Any CPU
		{52815DED-6BDC-4622-B9C7-D824B0FD9688}.Debug|Any CPU.Build.0 = Debug|Any CPU
		{52815DED-6BDC-4622-B9C7-D824B0FD9688}.Release|Any CPU.ActiveCfg = Release|Any CPU
		{52815DED-6BDC-4622-B9C7-D824B0FD9688}.Release|Any CPU.Build.0 = Release|Any CPU
		{395B1F36-D301-471E-9C79-F419FBE8AD11}.Debug|Any CPU.ActiveCfg = Debug|Any CPU
		{395B1F36-D301-471E-9C79-F419FBE8AD11}.Debug|Any CPU.Build.0 = Debug|Any CPU
		{395B1F36-D301-471E-9C79-F419FBE8AD11}.Release|Any CPU.ActiveCfg = Release|Any CPU
		{395B1F36-D301-471E-9C79-F419FBE8AD11}.Release|Any CPU.Build.0 = Release|Any CPU
		{7D970846-1C6E-468D-B638-1FAF39C492B0}.Debug|Any CPU.ActiveCfg = Debug|Any CPU
		{7D970846-1C6E-468D-B638-1FAF39C492B0}.Debug|Any CPU.Build.0 = Debug|Any CPU
		{7D970846-1C6E-468D-B638-1FAF39C492B0}.Release|Any CPU.ActiveCfg = Release|Any CPU
		{7D970846-1C6E-468D-B638-1FAF39C492B0}.Release|Any CPU.Build.0 = Release|Any CPU
		{03CDF976-1862-4C04-A3C5-A809D5BFD78B}.Debug|Any CPU.ActiveCfg = Debug|Any CPU
		{03CDF976-1862-4C04-A3C5-A809D5BFD78B}.Debug|Any CPU.Build.0 = Debug|Any CPU
		{03CDF976-1862-4C04-A3C5-A809D5BFD78B}.Release|Any CPU.ActiveCfg = Release|Any CPU
		{03CDF976-1862-4C04-A3C5-A809D5BFD78B}.Release|Any CPU.Build.0 = Release|Any CPU
		{AA2A1AC9-C221-414A-84BB-D927A50B5965}.Debug|Any CPU.ActiveCfg = Debug|Any CPU
		{AA2A1AC9-C221-414A-84BB-D927A50B5965}.Debug|Any CPU.Build.0 = Debug|Any CPU
		{AA2A1AC9-C221-414A-84BB-D927A50B5965}.Release|Any CPU.ActiveCfg = Release|Any CPU
		{AA2A1AC9-C221-414A-84BB-D927A50B5965}.Release|Any CPU.Build.0 = Release|Any CPU
		{1A9AF6BE-A4FA-4071-9B9F-92AF5989EBE4}.Debug|Any CPU.ActiveCfg = Debug|Any CPU
		{1A9AF6BE-A4FA-4071-9B9F-92AF5989EBE4}.Debug|Any CPU.Build.0 = Debug|Any CPU
		{1A9AF6BE-A4FA-4071-9B9F-92AF5989EBE4}.Release|Any CPU.ActiveCfg = Release|Any CPU
		{1A9AF6BE-A4FA-4071-9B9F-92AF5989EBE4}.Release|Any CPU.Build.0 = Release|Any CPU
		{D9753368-E8F7-45FF-BF09-309F52CD0392}.Debug|Any CPU.ActiveCfg = Debug|Any CPU
		{D9753368-E8F7-45FF-BF09-309F52CD0392}.Debug|Any CPU.Build.0 = Debug|Any CPU
		{D9753368-E8F7-45FF-BF09-309F52CD0392}.Release|Any CPU.ActiveCfg = Release|Any CPU
		{D9753368-E8F7-45FF-BF09-309F52CD0392}.Release|Any CPU.Build.0 = Release|Any CPU
		{2F01CFEF-A43B-4FDD-8609-00B597CE3814}.Debug|Any CPU.ActiveCfg = Debug|Any CPU
		{2F01CFEF-A43B-4FDD-8609-00B597CE3814}.Debug|Any CPU.Build.0 = Debug|Any CPU
		{2F01CFEF-A43B-4FDD-8609-00B597CE3814}.Release|Any CPU.ActiveCfg = Release|Any CPU
		{2F01CFEF-A43B-4FDD-8609-00B597CE3814}.Release|Any CPU.Build.0 = Release|Any CPU
		{DBBD9DA9-5343-4241-97AE-834BB2F04542}.Debug|Any CPU.ActiveCfg = Debug|Any CPU
		{DBBD9DA9-5343-4241-97AE-834BB2F04542}.Debug|Any CPU.Build.0 = Debug|Any CPU
		{DBBD9DA9-5343-4241-97AE-834BB2F04542}.Release|Any CPU.ActiveCfg = Release|Any CPU
		{DBBD9DA9-5343-4241-97AE-834BB2F04542}.Release|Any CPU.Build.0 = Release|Any CPU
		{5A9DE633-6239-40B6-8C45-95A34045A38B}.Debug|Any CPU.ActiveCfg = Debug|Any CPU
		{5A9DE633-6239-40B6-8C45-95A34045A38B}.Debug|Any CPU.Build.0 = Debug|Any CPU
		{5A9DE633-6239-40B6-8C45-95A34045A38B}.Release|Any CPU.ActiveCfg = Release|Any CPU
		{5A9DE633-6239-40B6-8C45-95A34045A38B}.Release|Any CPU.Build.0 = Release|Any CPU
		{FD19AEBA-F111-4055-9A97-360B14BC1E00}.Debug|Any CPU.ActiveCfg = Debug|Any CPU
		{FD19AEBA-F111-4055-9A97-360B14BC1E00}.Debug|Any CPU.Build.0 = Debug|Any CPU
		{FD19AEBA-F111-4055-9A97-360B14BC1E00}.Release|Any CPU.ActiveCfg = Release|Any CPU
		{FD19AEBA-F111-4055-9A97-360B14BC1E00}.Release|Any CPU.Build.0 = Release|Any CPU
		{7DFECC69-82C4-40CA-A16E-E4C0670A52FD}.Debug|Any CPU.ActiveCfg = Debug|Any CPU
		{7DFECC69-82C4-40CA-A16E-E4C0670A52FD}.Debug|Any CPU.Build.0 = Debug|Any CPU
		{7DFECC69-82C4-40CA-A16E-E4C0670A52FD}.Release|Any CPU.ActiveCfg = Release|Any CPU
		{7DFECC69-82C4-40CA-A16E-E4C0670A52FD}.Release|Any CPU.Build.0 = Release|Any CPU
		{CBC39077-61BD-44DE-9D55-75BD02394450}.Debug|Any CPU.ActiveCfg = Debug|Any CPU
		{CBC39077-61BD-44DE-9D55-75BD02394450}.Debug|Any CPU.Build.0 = Debug|Any CPU
		{CBC39077-61BD-44DE-9D55-75BD02394450}.Release|Any CPU.ActiveCfg = Release|Any CPU
		{CBC39077-61BD-44DE-9D55-75BD02394450}.Release|Any CPU.Build.0 = Release|Any CPU
		{335B6792-76EE-42ED-AE28-30B3EC9A1AFB}.Debug|Any CPU.ActiveCfg = Debug|Any CPU
		{335B6792-76EE-42ED-AE28-30B3EC9A1AFB}.Debug|Any CPU.Build.0 = Debug|Any CPU
		{335B6792-76EE-42ED-AE28-30B3EC9A1AFB}.Release|Any CPU.ActiveCfg = Release|Any CPU
		{335B6792-76EE-42ED-AE28-30B3EC9A1AFB}.Release|Any CPU.Build.0 = Release|Any CPU
		{175E907A-AA2E-4DAA-B34A-FB5C45D3BB22}.Debug|Any CPU.ActiveCfg = Debug|Any CPU
		{175E907A-AA2E-4DAA-B34A-FB5C45D3BB22}.Debug|Any CPU.Build.0 = Debug|Any CPU
		{175E907A-AA2E-4DAA-B34A-FB5C45D3BB22}.Release|Any CPU.ActiveCfg = Release|Any CPU
		{175E907A-AA2E-4DAA-B34A-FB5C45D3BB22}.Release|Any CPU.Build.0 = Release|Any CPU
		{9CBF62C4-8781-4CC5-9E59-FD66F6A0AA48}.Debug|Any CPU.ActiveCfg = Debug|Any CPU
		{9CBF62C4-8781-4CC5-9E59-FD66F6A0AA48}.Debug|Any CPU.Build.0 = Debug|Any CPU
		{9CBF62C4-8781-4CC5-9E59-FD66F6A0AA48}.Release|Any CPU.ActiveCfg = Release|Any CPU
		{9CBF62C4-8781-4CC5-9E59-FD66F6A0AA48}.Release|Any CPU.Build.0 = Release|Any CPU
		{4978E125-F028-4320-9510-8BE42FA4F5A3}.Debug|Any CPU.ActiveCfg = Debug|Any CPU
		{4978E125-F028-4320-9510-8BE42FA4F5A3}.Debug|Any CPU.Build.0 = Debug|Any CPU
		{4978E125-F028-4320-9510-8BE42FA4F5A3}.Release|Any CPU.ActiveCfg = Release|Any CPU
		{4978E125-F028-4320-9510-8BE42FA4F5A3}.Release|Any CPU.Build.0 = Release|Any CPU
		{5FC3DDED-A6A0-4A23-A069-9E7C0ED3DBD3}.Debug|Any CPU.ActiveCfg = Debug|Any CPU
		{5FC3DDED-A6A0-4A23-A069-9E7C0ED3DBD3}.Debug|Any CPU.Build.0 = Debug|Any CPU
		{5FC3DDED-A6A0-4A23-A069-9E7C0ED3DBD3}.Release|Any CPU.ActiveCfg = Release|Any CPU
		{5FC3DDED-A6A0-4A23-A069-9E7C0ED3DBD3}.Release|Any CPU.Build.0 = Release|Any CPU
		{99EEA8BE-046C-4FB4-AB8D-1897AECB3949}.Debug|Any CPU.ActiveCfg = Debug|Any CPU
		{99EEA8BE-046C-4FB4-AB8D-1897AECB3949}.Debug|Any CPU.Build.0 = Debug|Any CPU
		{99EEA8BE-046C-4FB4-AB8D-1897AECB3949}.Release|Any CPU.ActiveCfg = Release|Any CPU
		{99EEA8BE-046C-4FB4-AB8D-1897AECB3949}.Release|Any CPU.Build.0 = Release|Any CPU
		{F84C7A02-4E8E-4740-B269-B422366892B0}.Debug|Any CPU.ActiveCfg = Debug|Any CPU
		{F84C7A02-4E8E-4740-B269-B422366892B0}.Debug|Any CPU.Build.0 = Debug|Any CPU
		{F84C7A02-4E8E-4740-B269-B422366892B0}.Release|Any CPU.ActiveCfg = Release|Any CPU
		{F84C7A02-4E8E-4740-B269-B422366892B0}.Release|Any CPU.Build.0 = Release|Any CPU
		{453EA837-48B5-4A12-93A5-4DA0E957F978}.Debug|Any CPU.ActiveCfg = Debug|Any CPU
		{453EA837-48B5-4A12-93A5-4DA0E957F978}.Debug|Any CPU.Build.0 = Debug|Any CPU
		{453EA837-48B5-4A12-93A5-4DA0E957F978}.Release|Any CPU.ActiveCfg = Release|Any CPU
		{453EA837-48B5-4A12-93A5-4DA0E957F978}.Release|Any CPU.Build.0 = Release|Any CPU
		{D29C30EA-DF2E-4AB4-938E-0C53D0D2D2EC}.Debug|Any CPU.ActiveCfg = Debug|Any CPU
		{D29C30EA-DF2E-4AB4-938E-0C53D0D2D2EC}.Debug|Any CPU.Build.0 = Debug|Any CPU
		{D29C30EA-DF2E-4AB4-938E-0C53D0D2D2EC}.Release|Any CPU.ActiveCfg = Release|Any CPU
		{D29C30EA-DF2E-4AB4-938E-0C53D0D2D2EC}.Release|Any CPU.Build.0 = Release|Any CPU
		{79A7287C-946F-4D48-A04A-15F5EC5F0DD7}.Debug|Any CPU.ActiveCfg = Debug|Any CPU
		{79A7287C-946F-4D48-A04A-15F5EC5F0DD7}.Debug|Any CPU.Build.0 = Debug|Any CPU
		{79A7287C-946F-4D48-A04A-15F5EC5F0DD7}.Release|Any CPU.ActiveCfg = Release|Any CPU
		{79A7287C-946F-4D48-A04A-15F5EC5F0DD7}.Release|Any CPU.Build.0 = Release|Any CPU
		{8AB8D300-9156-4FD3-943B-5CA47703AB3D}.Debug|Any CPU.ActiveCfg = Debug|Any CPU
		{8AB8D300-9156-4FD3-943B-5CA47703AB3D}.Debug|Any CPU.Build.0 = Debug|Any CPU
		{8AB8D300-9156-4FD3-943B-5CA47703AB3D}.Release|Any CPU.ActiveCfg = Release|Any CPU
		{8AB8D300-9156-4FD3-943B-5CA47703AB3D}.Release|Any CPU.Build.0 = Release|Any CPU
		{A071760C-62F9-4E5A-A044-87A994B2B06D}.Debug|Any CPU.ActiveCfg = Debug|Any CPU
		{A071760C-62F9-4E5A-A044-87A994B2B06D}.Debug|Any CPU.Build.0 = Debug|Any CPU
		{A071760C-62F9-4E5A-A044-87A994B2B06D}.Release|Any CPU.ActiveCfg = Release|Any CPU
		{A071760C-62F9-4E5A-A044-87A994B2B06D}.Release|Any CPU.Build.0 = Release|Any CPU
		{543E7DDB-8911-461D-B58D-0298FFD1A1CF}.Debug|Any CPU.ActiveCfg = Debug|Any CPU
		{543E7DDB-8911-461D-B58D-0298FFD1A1CF}.Debug|Any CPU.Build.0 = Debug|Any CPU
		{543E7DDB-8911-461D-B58D-0298FFD1A1CF}.Release|Any CPU.ActiveCfg = Release|Any CPU
		{543E7DDB-8911-461D-B58D-0298FFD1A1CF}.Release|Any CPU.Build.0 = Release|Any CPU
		{C7571D1E-9449-4A48-85EE-D6A53F6AACA8}.Debug|Any CPU.ActiveCfg = Debug|Any CPU
		{C7571D1E-9449-4A48-85EE-D6A53F6AACA8}.Debug|Any CPU.Build.0 = Debug|Any CPU
		{C7571D1E-9449-4A48-85EE-D6A53F6AACA8}.Release|Any CPU.ActiveCfg = Release|Any CPU
		{C7571D1E-9449-4A48-85EE-D6A53F6AACA8}.Release|Any CPU.Build.0 = Release|Any CPU
		{366B2D33-9064-4B78-B092-E21687182916}.Debug|Any CPU.ActiveCfg = Debug|Any CPU
		{366B2D33-9064-4B78-B092-E21687182916}.Debug|Any CPU.Build.0 = Debug|Any CPU
		{366B2D33-9064-4B78-B092-E21687182916}.Release|Any CPU.ActiveCfg = Release|Any CPU
		{366B2D33-9064-4B78-B092-E21687182916}.Release|Any CPU.Build.0 = Release|Any CPU
		{32926F98-CF04-4FF0-9203-D4461A4C36CE}.Debug|Any CPU.ActiveCfg = Debug|Any CPU
		{32926F98-CF04-4FF0-9203-D4461A4C36CE}.Debug|Any CPU.Build.0 = Debug|Any CPU
		{32926F98-CF04-4FF0-9203-D4461A4C36CE}.Release|Any CPU.ActiveCfg = Release|Any CPU
		{32926F98-CF04-4FF0-9203-D4461A4C36CE}.Release|Any CPU.Build.0 = Release|Any CPU
		{6BC71CD0-4393-46D2-BDA9-66388B45EF6B}.Debug|Any CPU.ActiveCfg = Debug|Any CPU
		{6BC71CD0-4393-46D2-BDA9-66388B45EF6B}.Debug|Any CPU.Build.0 = Debug|Any CPU
		{6BC71CD0-4393-46D2-BDA9-66388B45EF6B}.Release|Any CPU.ActiveCfg = Release|Any CPU
		{6BC71CD0-4393-46D2-BDA9-66388B45EF6B}.Release|Any CPU.Build.0 = Release|Any CPU
		{FBF54815-A4D1-4FA2-98B2-6FF4B56F75FB}.Debug|Any CPU.ActiveCfg = Debug|Any CPU
		{FBF54815-A4D1-4FA2-98B2-6FF4B56F75FB}.Debug|Any CPU.Build.0 = Debug|Any CPU
		{FBF54815-A4D1-4FA2-98B2-6FF4B56F75FB}.Release|Any CPU.ActiveCfg = Release|Any CPU
		{FBF54815-A4D1-4FA2-98B2-6FF4B56F75FB}.Release|Any CPU.Build.0 = Release|Any CPU
		{722E92C7-34B8-43D9-98C7-C927A6884547}.Debug|Any CPU.ActiveCfg = Debug|Any CPU
		{722E92C7-34B8-43D9-98C7-C927A6884547}.Debug|Any CPU.Build.0 = Debug|Any CPU
		{722E92C7-34B8-43D9-98C7-C927A6884547}.Release|Any CPU.ActiveCfg = Release|Any CPU
		{722E92C7-34B8-43D9-98C7-C927A6884547}.Release|Any CPU.Build.0 = Release|Any CPU
		{2F1D94EF-8B0D-4545-A4D9-7800E366F3F3}.Debug|Any CPU.ActiveCfg = Debug|Any CPU
		{2F1D94EF-8B0D-4545-A4D9-7800E366F3F3}.Debug|Any CPU.Build.0 = Debug|Any CPU
		{2F1D94EF-8B0D-4545-A4D9-7800E366F3F3}.Release|Any CPU.ActiveCfg = Release|Any CPU
		{2F1D94EF-8B0D-4545-A4D9-7800E366F3F3}.Release|Any CPU.Build.0 = Release|Any CPU
		{86E1F958-FB88-42D8-8A02-552E3A1FB63A}.Debug|Any CPU.ActiveCfg = Debug|Any CPU
		{86E1F958-FB88-42D8-8A02-552E3A1FB63A}.Debug|Any CPU.Build.0 = Debug|Any CPU
		{86E1F958-FB88-42D8-8A02-552E3A1FB63A}.Release|Any CPU.ActiveCfg = Release|Any CPU
		{86E1F958-FB88-42D8-8A02-552E3A1FB63A}.Release|Any CPU.Build.0 = Release|Any CPU
		{44877C15-1F80-4B72-B48F-4FB495C5D471}.Debug|Any CPU.ActiveCfg = Debug|Any CPU
		{44877C15-1F80-4B72-B48F-4FB495C5D471}.Debug|Any CPU.Build.0 = Debug|Any CPU
		{44877C15-1F80-4B72-B48F-4FB495C5D471}.Release|Any CPU.ActiveCfg = Release|Any CPU
		{44877C15-1F80-4B72-B48F-4FB495C5D471}.Release|Any CPU.Build.0 = Release|Any CPU
		{2DDE0B3D-A223-47E9-9412-08F1C963BFF9}.Debug|Any CPU.ActiveCfg = Debug|Any CPU
		{2DDE0B3D-A223-47E9-9412-08F1C963BFF9}.Debug|Any CPU.Build.0 = Debug|Any CPU
		{2DDE0B3D-A223-47E9-9412-08F1C963BFF9}.Release|Any CPU.ActiveCfg = Release|Any CPU
		{2DDE0B3D-A223-47E9-9412-08F1C963BFF9}.Release|Any CPU.Build.0 = Release|Any CPU
		{59FE7528-ADF1-4854-BF9C-D8EF39D30872}.Debug|Any CPU.ActiveCfg = Debug|Any CPU
		{59FE7528-ADF1-4854-BF9C-D8EF39D30872}.Debug|Any CPU.Build.0 = Debug|Any CPU
		{59FE7528-ADF1-4854-BF9C-D8EF39D30872}.Release|Any CPU.ActiveCfg = Release|Any CPU
		{59FE7528-ADF1-4854-BF9C-D8EF39D30872}.Release|Any CPU.Build.0 = Release|Any CPU
		{C9C9E713-0457-4A49-AF85-C2FBDA3A204C}.Debug|Any CPU.ActiveCfg = Debug|Any CPU
		{C9C9E713-0457-4A49-AF85-C2FBDA3A204C}.Debug|Any CPU.Build.0 = Debug|Any CPU
		{C9C9E713-0457-4A49-AF85-C2FBDA3A204C}.Release|Any CPU.ActiveCfg = Release|Any CPU
		{C9C9E713-0457-4A49-AF85-C2FBDA3A204C}.Release|Any CPU.Build.0 = Release|Any CPU
		{2DE39532-D2C9-412C-B98D-7C59026BFD9E}.Debug|Any CPU.ActiveCfg = Debug|Any CPU
		{2DE39532-D2C9-412C-B98D-7C59026BFD9E}.Debug|Any CPU.Build.0 = Debug|Any CPU
		{2DE39532-D2C9-412C-B98D-7C59026BFD9E}.Release|Any CPU.ActiveCfg = Release|Any CPU
		{2DE39532-D2C9-412C-B98D-7C59026BFD9E}.Release|Any CPU.Build.0 = Release|Any CPU
		{26E68D56-5AF9-4C79-B2D1-AA296F3C0DE5}.Debug|Any CPU.ActiveCfg = Debug|Any CPU
		{26E68D56-5AF9-4C79-B2D1-AA296F3C0DE5}.Debug|Any CPU.Build.0 = Debug|Any CPU
		{26E68D56-5AF9-4C79-B2D1-AA296F3C0DE5}.Release|Any CPU.ActiveCfg = Release|Any CPU
		{26E68D56-5AF9-4C79-B2D1-AA296F3C0DE5}.Release|Any CPU.Build.0 = Release|Any CPU
		{6EE058F1-1DE0-4A69-86C7-449E432DF404}.Debug|Any CPU.ActiveCfg = Debug|Any CPU
		{6EE058F1-1DE0-4A69-86C7-449E432DF404}.Debug|Any CPU.Build.0 = Debug|Any CPU
		{6EE058F1-1DE0-4A69-86C7-449E432DF404}.Release|Any CPU.ActiveCfg = Release|Any CPU
		{6EE058F1-1DE0-4A69-86C7-449E432DF404}.Release|Any CPU.Build.0 = Release|Any CPU
		{C07FCBFA-54ED-43E7-B21D-6DF3820CD4C4}.Debug|Any CPU.ActiveCfg = Debug|Any CPU
		{C07FCBFA-54ED-43E7-B21D-6DF3820CD4C4}.Debug|Any CPU.Build.0 = Debug|Any CPU
		{C07FCBFA-54ED-43E7-B21D-6DF3820CD4C4}.Release|Any CPU.ActiveCfg = Release|Any CPU
		{C07FCBFA-54ED-43E7-B21D-6DF3820CD4C4}.Release|Any CPU.Build.0 = Release|Any CPU
		{C6DD9DD6-3387-4798-8EC2-299F802BB579}.Debug|Any CPU.ActiveCfg = Debug|Any CPU
		{C6DD9DD6-3387-4798-8EC2-299F802BB579}.Debug|Any CPU.Build.0 = Debug|Any CPU
		{C6DD9DD6-3387-4798-8EC2-299F802BB579}.Release|Any CPU.ActiveCfg = Release|Any CPU
		{C6DD9DD6-3387-4798-8EC2-299F802BB579}.Release|Any CPU.Build.0 = Release|Any CPU
		{4D429AED-10E7-4AEF-8F49-D353DF660566}.Debug|Any CPU.ActiveCfg = Debug|Any CPU
		{4D429AED-10E7-4AEF-8F49-D353DF660566}.Debug|Any CPU.Build.0 = Debug|Any CPU
		{4D429AED-10E7-4AEF-8F49-D353DF660566}.Release|Any CPU.ActiveCfg = Release|Any CPU
		{4D429AED-10E7-4AEF-8F49-D353DF660566}.Release|Any CPU.Build.0 = Release|Any CPU
		{04D7D03F-0867-4AF4-BF5C-3B4CB9012DF0}.Debug|Any CPU.ActiveCfg = Debug|Any CPU
		{04D7D03F-0867-4AF4-BF5C-3B4CB9012DF0}.Debug|Any CPU.Build.0 = Debug|Any CPU
		{04D7D03F-0867-4AF4-BF5C-3B4CB9012DF0}.Release|Any CPU.ActiveCfg = Release|Any CPU
		{04D7D03F-0867-4AF4-BF5C-3B4CB9012DF0}.Release|Any CPU.Build.0 = Release|Any CPU
		{060C1049-F4BA-4895-92A2-C5248BE69DA4}.Debug|Any CPU.ActiveCfg = Debug|Any CPU
		{060C1049-F4BA-4895-92A2-C5248BE69DA4}.Debug|Any CPU.Build.0 = Debug|Any CPU
		{060C1049-F4BA-4895-92A2-C5248BE69DA4}.Release|Any CPU.ActiveCfg = Release|Any CPU
		{060C1049-F4BA-4895-92A2-C5248BE69DA4}.Release|Any CPU.Build.0 = Release|Any CPU
		{A79FDCA0-9383-4EF2-A40D-153131327FBB}.Debug|Any CPU.ActiveCfg = Debug|Any CPU
		{A79FDCA0-9383-4EF2-A40D-153131327FBB}.Debug|Any CPU.Build.0 = Debug|Any CPU
		{A79FDCA0-9383-4EF2-A40D-153131327FBB}.Release|Any CPU.ActiveCfg = Release|Any CPU
		{A79FDCA0-9383-4EF2-A40D-153131327FBB}.Release|Any CPU.Build.0 = Release|Any CPU
		{8D3337BF-745E-4B88-9C7E-66D8C6704D1B}.Debug|Any CPU.ActiveCfg = Debug|Any CPU
		{8D3337BF-745E-4B88-9C7E-66D8C6704D1B}.Debug|Any CPU.Build.0 = Debug|Any CPU
		{8D3337BF-745E-4B88-9C7E-66D8C6704D1B}.Release|Any CPU.ActiveCfg = Release|Any CPU
		{8D3337BF-745E-4B88-9C7E-66D8C6704D1B}.Release|Any CPU.Build.0 = Release|Any CPU
		{FF1B5DFB-CE24-44FB-8202-0AB77620F808}.Debug|Any CPU.ActiveCfg = Debug|Any CPU
		{FF1B5DFB-CE24-44FB-8202-0AB77620F808}.Debug|Any CPU.Build.0 = Debug|Any CPU
		{FF1B5DFB-CE24-44FB-8202-0AB77620F808}.Release|Any CPU.ActiveCfg = Release|Any CPU
		{FF1B5DFB-CE24-44FB-8202-0AB77620F808}.Release|Any CPU.Build.0 = Release|Any CPU
	EndGlobalSection
	GlobalSection(SolutionProperties) = preSolution
		HideSolutionNode = FALSE
	EndGlobalSection
	GlobalSection(ExtensibilityGlobals) = postSolution
		SolutionGuid = {36D136EC-6E9C-437C-BBA0-94484D3F6F5E}
	EndGlobalSection
EndGlobal
